
Microsoft Visual Studio Solution File, Format Version 12.00
# Visual Studio Version 17
VisualStudioVersion = 17.8.34330.188
MinimumVisualStudioVersion = 10.0.40219.1
Project("{9A19103F-16F7-4668-BE54-9A1E7A4F7556}") = "WebApp", "WebApp\WebApp.csproj", "{1A22F712-48F3-4A4C-837D-F380196A727A}"
EndProject
Project("{2150E333-8FDC-42A3-9474-1A3956D46DE8}") = "_common", "_common", "{8CBAB1CD-300C-4868-82FA-E0D1451EA696}"
	ProjectSection(SolutionItems) = preProject
		.gitignore = .gitignore
		Readme.md = Readme.md
	EndProjectSection
EndProject
Global
	GlobalSection(SolutionConfigurationPlatforms) = preSolution
		Debug|Any CPU = Debug|Any CPU
		Release|Any CPU = Release|Any CPU
	EndGlobalSection
	GlobalSection(ProjectConfigurationPlatforms) = postSolution
		{1A22F712-48F3-4A4C-837D-F380196A727A}.Debug|Any CPU.ActiveCfg = Debug|Any CPU
		{1A22F712-48F3-4A4C-837D-F380196A727A}.Debug|Any CPU.Build.0 = Debug|Any CPU
		{1A22F712-48F3-4A4C-837D-F380196A727A}.Release|Any CPU.ActiveCfg = Release|Any CPU
		{1A22F712-48F3-4A4C-837D-F380196A727A}.Release|Any CPU.Build.0 = Release|Any CPU
	EndGlobalSection
	GlobalSection(SolutionProperties) = preSolution
		HideSolutionNode = FALSE
	EndGlobalSection
	GlobalSection(ExtensibilityGlobals) = postSolution
		SolutionGuid = {5D103F09-E23D-40C4-B992-68BB63533184}
	EndGlobalSection
EndGlobal
